
Microsoft Visual Studio Solution File, Format Version 12.00
# Visual Studio 14
VisualStudioVersion = 14.0.23107.0
MinimumVisualStudioVersion = 10.0.40219.1
Project("{FAE04EC0-301F-11D3-BF4B-00C04F79EFBC}") = "SchoolIn", "SchoolIn\SchoolIn.csproj", "{F841203F-3CA7-4C5E-93C9-7102D130D823}"
EndProject
Project("{FAE04EC0-301F-11D3-BF4B-00C04F79EFBC}") = "ScoolIn_Test", "ScoolIn_Test\ScoolIn_Test.csproj", "{496E74E3-8108-4C51-B95B-A48E99E65DAF}"
EndProject
Project("{FAE04EC0-301F-11D3-BF4B-00C04F79EFBC}") = "ITISchool", "ITISchool\ITISchool\ITISchool.csproj", "{E69960FE-C0C5-4D39-93D1-06B7847920D4}"
EndProject
Global
	GlobalSection(SolutionConfigurationPlatforms) = preSolution
		Debug|Any CPU = Debug|Any CPU
		Release|Any CPU = Release|Any CPU
	EndGlobalSection
	GlobalSection(ProjectConfigurationPlatforms) = postSolution
		{F841203F-3CA7-4C5E-93C9-7102D130D823}.Debug|Any CPU.ActiveCfg = Debug|Any CPU
		{F841203F-3CA7-4C5E-93C9-7102D130D823}.Debug|Any CPU.Build.0 = Debug|Any CPU
		{F841203F-3CA7-4C5E-93C9-7102D130D823}.Release|Any CPU.ActiveCfg = Release|Any CPU
		{F841203F-3CA7-4C5E-93C9-7102D130D823}.Release|Any CPU.Build.0 = Release|Any CPU
		{496E74E3-8108-4C51-B95B-A48E99E65DAF}.Debug|Any CPU.ActiveCfg = Debug|Any CPU
		{496E74E3-8108-4C51-B95B-A48E99E65DAF}.Debug|Any CPU.Build.0 = Debug|Any CPU
		{496E74E3-8108-4C51-B95B-A48E99E65DAF}.Release|Any CPU.ActiveCfg = Release|Any CPU
		{496E74E3-8108-4C51-B95B-A48E99E65DAF}.Release|Any CPU.Build.0 = Release|Any CPU
		{E69960FE-C0C5-4D39-93D1-06B7847920D4}.Debug|Any CPU.ActiveCfg = Debug|Any CPU
		{E69960FE-C0C5-4D39-93D1-06B7847920D4}.Debug|Any CPU.Build.0 = Debug|Any CPU
		{E69960FE-C0C5-4D39-93D1-06B7847920D4}.Release|Any CPU.ActiveCfg = Release|Any CPU
		{E69960FE-C0C5-4D39-93D1-06B7847920D4}.Release|Any CPU.Build.0 = Release|Any CPU
	EndGlobalSection
	GlobalSection(SolutionProperties) = preSolution
		HideSolutionNode = FALSE
	EndGlobalSection
EndGlobal
